
Microsoft Visual Studio Solution File, Format Version 12.00
# Visual Studio Version 17
VisualStudioVersion = 17.1.32421.90
MinimumVisualStudioVersion = 10.0.40219.1
Project("{F184B08F-C81C-45F6-A57F-5ABD9991F28F}") = "AdmIn", "AdmIn.vbproj", "{A5547A9C-1E65-457B-B7F2-5B30DD082781}"
EndProject
Global
	GlobalSection(SolutionConfigurationPlatforms) = preSolution
		Debug|Any CPU = Debug|Any CPU
		Release|Any CPU = Release|Any CPU
	EndGlobalSection
	GlobalSection(ProjectConfigurationPlatforms) = postSolution
		{A5547A9C-1E65-457B-B7F2-5B30DD082781}.Debug|Any CPU.ActiveCfg = Debug|Any CPU
		{A5547A9C-1E65-457B-B7F2-5B30DD082781}.Debug|Any CPU.Build.0 = Debug|Any CPU
		{A5547A9C-1E65-457B-B7F2-5B30DD082781}.Release|Any CPU.ActiveCfg = Release|Any CPU
		{A5547A9C-1E65-457B-B7F2-5B30DD082781}.Release|Any CPU.Build.0 = Release|Any CPU
	EndGlobalSection
	GlobalSection(SolutionProperties) = preSolution
		HideSolutionNode = FALSE
	EndGlobalSection
	GlobalSection(ExtensibilityGlobals) = postSolution
		SolutionGuid = {1F4BD819-6C1F-469A-ADEE-75CAE9BF340C}
	EndGlobalSection
EndGlobal
